{
  "object": {
    "pins": [
      {
        "package": "Reachability",
        "repositoryURL": "https://github.com/ashleymills/Reachability.swift",
        "state": {
          "branch": null,
          "revision": "c01bbdf2d633cf049ae1ed1a68a2020a8bda32e2",
          "version": "5.1.0"
        }
      },
      {
        "package": "RxSwift",
        "repositoryURL": "https://github.com/ReactiveX/RxSwift.git",
        "state": {
          "branch": null,
          "revision": "c1bd31b397d87a54467af4161dde9d6b27720c19",
          "version": "5.1.0"
        }
      },
      {
        "package": "UNILib",
        "repositoryURL": "https://github.com/alexey-savchenko/UNILib.git",
        "state": {
          "branch": "main",
          "revision": "f20d291c371f257c40674a102690e8313da80cbc",
          "version": null
        }
      }
    ]
  },
  "version": 1
}
