{
  "object": {
    "pins": [
      {
        "package": "Reachability",
        "repositoryURL": "https://github.com/ashleymills/Reachability.swift",
        "state": {
          "branch": null,
          "revision": "c01bbdf2d633cf049ae1ed1a68a2020a8bda32e2",
          "version": "5.1.0"
        }
      },
      {
        "package": "RxSwift",
        "repositoryURL": "https://github.com/ReactiveX/RxSwift.git",
        "state": {
          "branch": null,
          "revision": "c6c0c540109678b96639c25e9c0ebe4a6d7a69a9",
          "version": "5.0.0"
        }
      },
      {
        "package": "UNILib",
        "repositoryURL": "https://github.com/alexey-savchenko/UNILib.git",
        "state": {
          "branch": "main",
          "revision": "69c296d9bd059a57aef3dcb69ee5bdd90ce38d62",
          "version": null
        }
      }
    ]
  },
  "version": 1
}
